
Microsoft Visual Studio Solution File, Format Version 12.00
# Visual Studio Version 17
VisualStudioVersion = 17.14.36310.24
MinimumVisualStudioVersion = 10.0.40219.1
Project("{FAE04EC0-301F-11D3-BF4B-00C04F79EFBC}") = "AICore", "AICore\AICore.csproj", "{56B5970C-E775-4CE4-A9F2-1C635DB6AA19}"
EndProject
Project("{FAE04EC0-301F-11D3-BF4B-00C04F79EFBC}") = "Web.POC", "Web.POC\Web.POC.csproj", "{D586D462-D3CD-351E-2F60-0E4551917103}"
EndProject
Project("{FAE04EC0-301F-11D3-BF4B-00C04F79EFBC}") = "CLI.POC", "CLI.POC\CLI.POC.csproj", "{A0E35A4A-857A-3973-4DE2-4BBCEC961F8A}"
EndProject
Global
	GlobalSection(SolutionConfigurationPlatforms) = preSolution
		Debug|Any CPU = Debug|Any CPU
		Release|Any CPU = Release|Any CPU
	EndGlobalSection
	GlobalSection(ProjectConfigurationPlatforms) = postSolution
		{56B5970C-E775-4CE4-A9F2-1C635DB6AA19}.Debug|Any CPU.ActiveCfg = Debug|Any CPU
		{56B5970C-E775-4CE4-A9F2-1C635DB6AA19}.Debug|Any CPU.Build.0 = Debug|Any CPU
		{56B5970C-E775-4CE4-A9F2-1C635DB6AA19}.Release|Any CPU.ActiveCfg = Release|Any CPU
		{56B5970C-E775-4CE4-A9F2-1C635DB6AA19}.Release|Any CPU.Build.0 = Release|Any CPU
		{D586D462-D3CD-351E-2F60-0E4551917103}.Debug|Any CPU.ActiveCfg = Debug|Any CPU
		{D586D462-D3CD-351E-2F60-0E4551917103}.Debug|Any CPU.Build.0 = Debug|Any CPU
		{D586D462-D3CD-351E-2F60-0E4551917103}.Release|Any CPU.ActiveCfg = Release|Any CPU
		{D586D462-D3CD-351E-2F60-0E4551917103}.Release|Any CPU.Build.0 = Release|Any CPU
		{A0E35A4A-857A-3973-4DE2-4BBCEC961F8A}.Debug|Any CPU.ActiveCfg = Debug|Any CPU
		{A0E35A4A-857A-3973-4DE2-4BBCEC961F8A}.Debug|Any CPU.Build.0 = Debug|Any CPU
		{A0E35A4A-857A-3973-4DE2-4BBCEC961F8A}.Release|Any CPU.ActiveCfg = Release|Any CPU
		{A0E35A4A-857A-3973-4DE2-4BBCEC961F8A}.Release|Any CPU.Build.0 = Release|Any CPU
	EndGlobalSection
	GlobalSection(SolutionProperties) = preSolution
		HideSolutionNode = FALSE
	EndGlobalSection
	GlobalSection(ExtensibilityGlobals) = postSolution
		SolutionGuid = {014126F7-BA49-465E-8D10-9FF9D7F75178}
	EndGlobalSection
EndGlobal
